<Solution>
  <Folder Name="/SolutionItems/">
    <File Path=".circleci/config.yml" />
    <File Path=".github/copilot-instructions.md" />
    <File Path="codecov.yml" />
    <File Path="Directory.Build.props" />
    <File Path="Directory.Packages.props" />
  </Folder>
  <Project Path="Baubit.Validation.Test/Baubit.Validation.Test.csproj" Id="9cec8ea1-e936-472e-9acb-f661bedd6fff" />
  <Project Path="Baubit.Validation/Baubit.Validation.csproj" />
</Solution>
