<Solution>
  <Folder Name="/SubModules/">
    <Project Path="SubModules/Baubit.Traceability/Baubit.Traceability.Tests/Baubit.Traceability.Tests.csproj" />
    <Project Path="SubModules/Baubit.Traceability/Baubit.Traceability/Baubit.Traceability.csproj" />
  </Folder>
  <Project Path="Baubit.Validation/Baubit.Validation.csproj" />
</Solution>
